// !$*UTF8*$!
{
	archiveVersion = 1;
	classes = {
	};
	objectVersion = 55;
	objects = {

/* Begin PBXBuildFile section */
		D265D6C92859224C00ED9AB3 /* AppDelegate.swift in Sources */ = {isa = PBXBuildFile; fileRef = D265D6C82859224C00ED9AB3 /* AppDelegate.swift */; };
		D265D6CB2859224C00ED9AB3 /* SceneDelegate.swift in Sources */ = {isa = PBXBuildFile; fileRef = D265D6CA2859224C00ED9AB3 /* SceneDelegate.swift */; };
		D265D6D22859224D00ED9AB3 /* Assets.xcassets in Resources */ = {isa = PBXBuildFile; fileRef = D265D6D12859224D00ED9AB3 /* Assets.xcassets */; };
		D265D6D52859224D00ED9AB3 /* LaunchScreen.storyboard in Resources */ = {isa = PBXBuildFile; fileRef = D265D6D32859224D00ED9AB3 /* LaunchScreen.storyboard */; };
		D265D6E02859232700ED9AB3 /* ServiceCell.swift in Sources */ = {isa = PBXBuildFile; fileRef = D265D6DF2859232700ED9AB3 /* ServiceCell.swift */; };
		D265D6E22859234000ED9AB3 /* ServiceCell.xib in Resources */ = {isa = PBXBuildFile; fileRef = D265D6E12859234000ED9AB3 /* ServiceCell.xib */; };
		D265D6E52859235900ED9AB3 /* PeopleCell.swift in Sources */ = {isa = PBXBuildFile; fileRef = D265D6E42859235900ED9AB3 /* PeopleCell.swift */; };
		D265D6E72859236B00ED9AB3 /* PeopleCell.xib in Resources */ = {isa = PBXBuildFile; fileRef = D265D6E62859236B00ED9AB3 /* PeopleCell.xib */; };
		D265D6EA2859238B00ED9AB3 /* ServicesModel.swift in Sources */ = {isa = PBXBuildFile; fileRef = D265D6E92859238B00ED9AB3 /* ServicesModel.swift */; };
		D265D6EC2859239F00ED9AB3 /* MenuModel.swift in Sources */ = {isa = PBXBuildFile; fileRef = D265D6EB2859239F00ED9AB3 /* MenuModel.swift */; };
		D265D6EE285923B500ED9AB3 /* Service.swift in Sources */ = {isa = PBXBuildFile; fileRef = D265D6ED285923B500ED9AB3 /* Service.swift */; };
		D265D6F0285923CC00ED9AB3 /* People.swift in Sources */ = {isa = PBXBuildFile; fileRef = D265D6EF285923CC00ED9AB3 /* People.swift */; };
		D265D6F2285923E900ED9AB3 /* JSONPeoples.json in Resources */ = {isa = PBXBuildFile; fileRef = D265D6F1285923E900ED9AB3 /* JSONPeoples.json */; };
		D265D6F62859241100ED9AB3 /* MenuViewPresenter.swift in Sources */ = {isa = PBXBuildFile; fileRef = D265D6F52859241100ED9AB3 /* MenuViewPresenter.swift */; };
		D265D6F82859242300ED9AB3 /* MenuConfigurator.swift in Sources */ = {isa = PBXBuildFile; fileRef = D265D6F72859242300ED9AB3 /* MenuConfigurator.swift */; };
		D265D6FB2859244500ED9AB3 /* MenuViewController.swift in Sources */ = {isa = PBXBuildFile; fileRef = D265D6FA2859244500ED9AB3 /* MenuViewController.swift */; };
		D265D6FD2859245A00ED9AB3 /* MenuViewControllerExtension.swift in Sources */ = {isa = PBXBuildFile; fileRef = D265D6FC2859245A00ED9AB3 /* MenuViewControllerExtension.swift */; };
		D265D6FF285924CA00ED9AB3 /* MenuView.swift in Sources */ = {isa = PBXBuildFile; fileRef = D265D6FE285924CA00ED9AB3 /* MenuView.swift */; };
		D265D701285924DB00ED9AB3 /* UserView.swift in Sources */ = {isa = PBXBuildFile; fileRef = D265D700285924DB00ED9AB3 /* UserView.swift */; };
		D265D7042859250800ED9AB3 /* HomeViewController.swift in Sources */ = {isa = PBXBuildFile; fileRef = D265D7032859250800ED9AB3 /* HomeViewController.swift */; };
		D265D7062859251B00ED9AB3 /* HomePresenter.swift in Sources */ = {isa = PBXBuildFile; fileRef = D265D7052859251B00ED9AB3 /* HomePresenter.swift */; };
		D265D7082859253000ED9AB3 /* HomeConfigurator.swift in Sources */ = {isa = PBXBuildFile; fileRef = D265D7072859253000ED9AB3 /* HomeConfigurator.swift */; };
		D265D70B2859254F00ED9AB3 /* PreviewViewController.swift in Sources */ = {isa = PBXBuildFile; fileRef = D265D70A2859254F00ED9AB3 /* PreviewViewController.swift */; };
		D265D70E2859256A00ED9AB3 /* ContainerViewController.swift in Sources */ = {isa = PBXBuildFile; fileRef = D265D70D2859256A00ED9AB3 /* ContainerViewController.swift */; };
		D265D7112859258000ED9AB3 /* LocalDataFetcher.swift in Sources */ = {isa = PBXBuildFile; fileRef = D265D7102859258000ED9AB3 /* LocalDataFetcher.swift */; };
		D265D7132859258F00ED9AB3 /* DataFetcherService.swift in Sources */ = {isa = PBXBuildFile; fileRef = D265D7122859258F00ED9AB3 /* DataFetcherService.swift */; };
		D265D715285925BF00ED9AB3 /* Main.storyboard in Resources */ = {isa = PBXBuildFile; fileRef = D265D714285925BF00ED9AB3 /* Main.storyboard */; };
/* End PBXBuildFile section */

/* Begin PBXFileReference section */
		D265D6C52859224C00ED9AB3 /* eWalle.app */ = {isa = PBXFileReference; explicitFileType = wrapper.application; includeInIndex = 0; path = eWalle.app; sourceTree = BUILT_PRODUCTS_DIR; };
		D265D6C82859224C00ED9AB3 /* AppDelegate.swift */ = {isa = PBXFileReference; lastKnownFileType = sourcecode.swift; path = AppDelegate.swift; sourceTree = "<group>"; };
		D265D6CA2859224C00ED9AB3 /* SceneDelegate.swift */ = {isa = PBXFileReference; lastKnownFileType = sourcecode.swift; path = SceneDelegate.swift; sourceTree = "<group>"; };
		D265D6D12859224D00ED9AB3 /* Assets.xcassets */ = {isa = PBXFileReference; lastKnownFileType = folder.assetcatalog; path = Assets.xcassets; sourceTree = "<group>"; };
		D265D6D42859224D00ED9AB3 /* Base */ = {isa = PBXFileReference; lastKnownFileType = file.storyboard; name = Base; path = Base.lproj/LaunchScreen.storyboard; sourceTree = "<group>"; };
		D265D6D62859224D00ED9AB3 /* Info.plist */ = {isa = PBXFileReference; lastKnownFileType = text.plist.xml; path = Info.plist; sourceTree = "<group>"; };
		D265D6DF2859232700ED9AB3 /* ServiceCell.swift */ = {isa = PBXFileReference; lastKnownFileType = sourcecode.swift; path = ServiceCell.swift; sourceTree = "<group>"; };
		D265D6E12859234000ED9AB3 /* ServiceCell.xib */ = {isa = PBXFileReference; fileEncoding = 4; lastKnownFileType = file.xib; path = ServiceCell.xib; sourceTree = "<group>"; };
		D265D6E42859235900ED9AB3 /* PeopleCell.swift */ = {isa = PBXFileReference; lastKnownFileType = sourcecode.swift; path = PeopleCell.swift; sourceTree = "<group>"; };
		D265D6E62859236B00ED9AB3 /* PeopleCell.xib */ = {isa = PBXFileReference; fileEncoding = 4; lastKnownFileType = file.xib; path = PeopleCell.xib; sourceTree = "<group>"; };
		D265D6E92859238B00ED9AB3 /* ServicesModel.swift */ = {isa = PBXFileReference; lastKnownFileType = sourcecode.swift; path = ServicesModel.swift; sourceTree = "<group>"; };
		D265D6EB2859239F00ED9AB3 /* MenuModel.swift */ = {isa = PBXFileReference; lastKnownFileType = sourcecode.swift; path = MenuModel.swift; sourceTree = "<group>"; };
		D265D6ED285923B500ED9AB3 /* Service.swift */ = {isa = PBXFileReference; lastKnownFileType = sourcecode.swift; path = Service.swift; sourceTree = "<group>"; };
		D265D6EF285923CC00ED9AB3 /* People.swift */ = {isa = PBXFileReference; lastKnownFileType = sourcecode.swift; path = People.swift; sourceTree = "<group>"; };
		D265D6F1285923E900ED9AB3 /* JSONPeoples.json */ = {isa = PBXFileReference; fileEncoding = 4; lastKnownFileType = text.json; path = JSONPeoples.json; sourceTree = "<group>"; };
		D265D6F52859241100ED9AB3 /* MenuViewPresenter.swift */ = {isa = PBXFileReference; lastKnownFileType = sourcecode.swift; path = MenuViewPresenter.swift; sourceTree = "<group>"; };
		D265D6F72859242300ED9AB3 /* MenuConfigurator.swift */ = {isa = PBXFileReference; lastKnownFileType = sourcecode.swift; path = MenuConfigurator.swift; sourceTree = "<group>"; };
		D265D6FA2859244500ED9AB3 /* MenuViewController.swift */ = {isa = PBXFileReference; lastKnownFileType = sourcecode.swift; path = MenuViewController.swift; sourceTree = "<group>"; };
		D265D6FC2859245A00ED9AB3 /* MenuViewControllerExtension.swift */ = {isa = PBXFileReference; lastKnownFileType = sourcecode.swift; path = MenuViewControllerExtension.swift; sourceTree = "<group>"; };
		D265D6FE285924CA00ED9AB3 /* MenuView.swift */ = {isa = PBXFileReference; lastKnownFileType = sourcecode.swift; path = MenuView.swift; sourceTree = "<group>"; };
		D265D700285924DB00ED9AB3 /* UserView.swift */ = {isa = PBXFileReference; lastKnownFileType = sourcecode.swift; path = UserView.swift; sourceTree = "<group>"; };
		D265D7032859250800ED9AB3 /* HomeViewController.swift */ = {isa = PBXFileReference; lastKnownFileType = sourcecode.swift; path = HomeViewController.swift; sourceTree = "<group>"; };
		D265D7052859251B00ED9AB3 /* HomePresenter.swift */ = {isa = PBXFileReference; lastKnownFileType = sourcecode.swift; path = HomePresenter.swift; sourceTree = "<group>"; };
		D265D7072859253000ED9AB3 /* HomeConfigurator.swift */ = {isa = PBXFileReference; lastKnownFileType = sourcecode.swift; path = HomeConfigurator.swift; sourceTree = "<group>"; };
		D265D70A2859254F00ED9AB3 /* PreviewViewController.swift */ = {isa = PBXFileReference; lastKnownFileType = sourcecode.swift; path = PreviewViewController.swift; sourceTree = "<group>"; };
		D265D70D2859256A00ED9AB3 /* ContainerViewController.swift */ = {isa = PBXFileReference; lastKnownFileType = sourcecode.swift; path = ContainerViewController.swift; sourceTree = "<group>"; };
		D265D7102859258000ED9AB3 /* LocalDataFetcher.swift */ = {isa = PBXFileReference; lastKnownFileType = sourcecode.swift; path = LocalDataFetcher.swift; sourceTree = "<group>"; };
		D265D7122859258F00ED9AB3 /* DataFetcherService.swift */ = {isa = PBXFileReference; lastKnownFileType = sourcecode.swift; path = DataFetcherService.swift; sourceTree = "<group>"; };
		D265D714285925BF00ED9AB3 /* Main.storyboard */ = {isa = PBXFileReference; fileEncoding = 4; lastKnownFileType = file.storyboard; path = Main.storyboard; sourceTree = "<group>"; };
		D265D71628592D8400ED9AB3 /* README.md */ = {isa = PBXFileReference; lastKnownFileType = net.daringfireball.markdown; path = README.md; sourceTree = "<group>"; };
/* End PBXFileReference section */

/* Begin PBXFrameworksBuildPhase section */
		D265D6C22859224C00ED9AB3 /* Frameworks */ = {
			isa = PBXFrameworksBuildPhase;
			buildActionMask = 2147483647;
			files = (
			);
			runOnlyForDeploymentPostprocessing = 0;
		};
/* End PBXFrameworksBuildPhase section */

/* Begin PBXGroup section */
		D265D6BC2859224C00ED9AB3 = {
			isa = PBXGroup;
			children = (
				D265D71628592D8400ED9AB3 /* README.md */,
				D265D6C72859224C00ED9AB3 /* eWalle */,
				D265D6C62859224C00ED9AB3 /* Products */,
			);
			sourceTree = "<group>";
		};
		D265D6C62859224C00ED9AB3 /* Products */ = {
			isa = PBXGroup;
			children = (
				D265D6C52859224C00ED9AB3 /* eWalle.app */,
			);
			name = Products;
			sourceTree = "<group>";
		};
		D265D6C72859224C00ED9AB3 /* eWalle */ = {
			isa = PBXGroup;
			children = (
				D265D70F2859257700ED9AB3 /* Services */,
				D265D70C2859256000ED9AB3 /* Container */,
				D265D7092859254600ED9AB3 /* Preview */,
				D265D702285924FD00ED9AB3 /* Home */,
				D265D6F3285923F700ED9AB3 /* Menu */,
				D265D6E82859238100ED9AB3 /* Models */,
				D265D6DD2859230300ED9AB3 /* Cells */,
				D265D6DC285922E300ED9AB3 /* SupportingFIles */,
				D265D6D62859224D00ED9AB3 /* Info.plist */,
				D265D71728593B2D00ED9AB3 /* JSOND_DATA */,
			);
			path = eWalle;
			sourceTree = "<group>";
		};
		D265D6DC285922E300ED9AB3 /* SupportingFIles */ = {
			isa = PBXGroup;
			children = (
				D265D6D12859224D00ED9AB3 /* Assets.xcassets */,
				D265D6C82859224C00ED9AB3 /* AppDelegate.swift */,
				D265D6CA2859224C00ED9AB3 /* SceneDelegate.swift */,
				D265D714285925BF00ED9AB3 /* Main.storyboard */,
				D265D6D32859224D00ED9AB3 /* LaunchScreen.storyboard */,
			);
			path = SupportingFIles;
			sourceTree = "<group>";
		};
		D265D6DD2859230300ED9AB3 /* Cells */ = {
			isa = PBXGroup;
			children = (
				D265D6E32859234E00ED9AB3 /* PeopleCell */,
				D265D6DE2859231500ED9AB3 /* ServiceCell */,
			);
			path = Cells;
			sourceTree = "<group>";
		};
		D265D6DE2859231500ED9AB3 /* ServiceCell */ = {
			isa = PBXGroup;
			children = (
				D265D6DF2859232700ED9AB3 /* ServiceCell.swift */,
				D265D6E12859234000ED9AB3 /* ServiceCell.xib */,
			);
			path = ServiceCell;
			sourceTree = "<group>";
		};
		D265D6E32859234E00ED9AB3 /* PeopleCell */ = {
			isa = PBXGroup;
			children = (
				D265D6E42859235900ED9AB3 /* PeopleCell.swift */,
				D265D6E62859236B00ED9AB3 /* PeopleCell.xib */,
			);
			path = PeopleCell;
			sourceTree = "<group>";
		};
		D265D6E82859238100ED9AB3 /* Models */ = {
			isa = PBXGroup;
			children = (
				D265D6EB2859239F00ED9AB3 /* MenuModel.swift */,
				D265D6E92859238B00ED9AB3 /* ServicesModel.swift */,
				D265D6ED285923B500ED9AB3 /* Service.swift */,
				D265D6EF285923CC00ED9AB3 /* People.swift */,
			);
			path = Models;
			sourceTree = "<group>";
		};
		D265D6F3285923F700ED9AB3 /* Menu */ = {
			isa = PBXGroup;
			children = (
				D265D6F42859240000ED9AB3 /* View */,
				D265D6F52859241100ED9AB3 /* MenuViewPresenter.swift */,
				D265D6F72859242300ED9AB3 /* MenuConfigurator.swift */,
			);
			path = Menu;
			sourceTree = "<group>";
		};
		D265D6F42859240000ED9AB3 /* View */ = {
			isa = PBXGroup;
			children = (
				D265D6F92859243B00ED9AB3 /* Views */,
				D265D6FA2859244500ED9AB3 /* MenuViewController.swift */,
				D265D6FC2859245A00ED9AB3 /* MenuViewControllerExtension.swift */,
			);
			path = View;
			sourceTree = "<group>";
		};
		D265D6F92859243B00ED9AB3 /* Views */ = {
			isa = PBXGroup;
			children = (
				D265D6FE285924CA00ED9AB3 /* MenuView.swift */,
				D265D700285924DB00ED9AB3 /* UserView.swift */,
			);
			path = Views;
			sourceTree = "<group>";
		};
		D265D702285924FD00ED9AB3 /* Home */ = {
			isa = PBXGroup;
			children = (
				D265D7032859250800ED9AB3 /* HomeViewController.swift */,
				D265D7052859251B00ED9AB3 /* HomePresenter.swift */,
				D265D7072859253000ED9AB3 /* HomeConfigurator.swift */,
			);
			path = Home;
			sourceTree = "<group>";
		};
		D265D7092859254600ED9AB3 /* Preview */ = {
			isa = PBXGroup;
			children = (
				D265D70A2859254F00ED9AB3 /* PreviewViewController.swift */,
			);
			path = Preview;
			sourceTree = "<group>";
		};
		D265D70C2859256000ED9AB3 /* Container */ = {
			isa = PBXGroup;
			children = (
				D265D70D2859256A00ED9AB3 /* ContainerViewController.swift */,
			);
			path = Container;
			sourceTree = "<group>";
		};
		D265D70F2859257700ED9AB3 /* Services */ = {
			isa = PBXGroup;
			children = (
				D265D7102859258000ED9AB3 /* LocalDataFetcher.swift */,
				D265D7122859258F00ED9AB3 /* DataFetcherService.swift */,
			);
			path = Services;
			sourceTree = "<group>";
		};
		D265D71728593B2D00ED9AB3 /* JSOND_DATA */ = {
			isa = PBXGroup;
			children = (
				D265D6F1285923E900ED9AB3 /* JSONPeoples.json */,
			);
			path = JSOND_DATA;
			sourceTree = "<group>";
		};
/* End PBXGroup section */

/* Begin PBXNativeTarget section */
		D265D6C42859224C00ED9AB3 /* eWalle */ = {
			isa = PBXNativeTarget;
			buildConfigurationList = D265D6D92859224D00ED9AB3 /* Build configuration list for PBXNativeTarget "eWalle" */;
			buildPhases = (
				D265D6C12859224C00ED9AB3 /* Sources */,
				D265D6C22859224C00ED9AB3 /* Frameworks */,
				D265D6C32859224C00ED9AB3 /* Resources */,
			);
			buildRules = (
			);
			dependencies = (
			);
			name = eWalle;
			productName = eWalle;
			productReference = D265D6C52859224C00ED9AB3 /* eWalle.app */;
			productType = "com.apple.product-type.application";
		};
/* End PBXNativeTarget section */

/* Begin PBXProject section */
		D265D6BD2859224C00ED9AB3 /* Project object */ = {
			isa = PBXProject;
			attributes = {
				BuildIndependentTargetsInParallel = 1;
				LastSwiftUpdateCheck = 1340;
				LastUpgradeCheck = 1340;
				TargetAttributes = {
					D265D6C42859224C00ED9AB3 = {
						CreatedOnToolsVersion = 13.4;
					};
				};
			};
			buildConfigurationList = D265D6C02859224C00ED9AB3 /* Build configuration list for PBXProject "eWalle" */;
			compatibilityVersion = "Xcode 13.0";
			developmentRegion = en;
			hasScannedForEncodings = 0;
			knownRegions = (
				en,
				Base,
			);
			mainGroup = D265D6BC2859224C00ED9AB3;
			productRefGroup = D265D6C62859224C00ED9AB3 /* Products */;
			projectDirPath = "";
			projectRoot = "";
			targets = (
				D265D6C42859224C00ED9AB3 /* eWalle */,
			);
		};
/* End PBXProject section */

/* Begin PBXResourcesBuildPhase section */
		D265D6C32859224C00ED9AB3 /* Resources */ = {
			isa = PBXResourcesBuildPhase;
			buildActionMask = 2147483647;
			files = (
				D265D6D52859224D00ED9AB3 /* LaunchScreen.storyboard in Resources */,
				D265D6E22859234000ED9AB3 /* ServiceCell.xib in Resources */,
				D265D6E72859236B00ED9AB3 /* PeopleCell.xib in Resources */,
				D265D715285925BF00ED9AB3 /* Main.storyboard in Resources */,
				D265D6D22859224D00ED9AB3 /* Assets.xcassets in Resources */,
				D265D6F2285923E900ED9AB3 /* JSONPeoples.json in Resources */,
			);
			runOnlyForDeploymentPostprocessing = 0;
		};
/* End PBXResourcesBuildPhase section */

/* Begin PBXSourcesBuildPhase section */
		D265D6C12859224C00ED9AB3 /* Sources */ = {
			isa = PBXSourcesBuildPhase;
			buildActionMask = 2147483647;
			files = (
				D265D6EE285923B500ED9AB3 /* Service.swift in Sources */,
				D265D70E2859256A00ED9AB3 /* ContainerViewController.swift in Sources */,
				D265D6F62859241100ED9AB3 /* MenuViewPresenter.swift in Sources */,
				D265D6FD2859245A00ED9AB3 /* MenuViewControllerExtension.swift in Sources */,
				D265D7132859258F00ED9AB3 /* DataFetcherService.swift in Sources */,
				D265D70B2859254F00ED9AB3 /* PreviewViewController.swift in Sources */,
				D265D6EA2859238B00ED9AB3 /* ServicesModel.swift in Sources */,
				D265D6F82859242300ED9AB3 /* MenuConfigurator.swift in Sources */,
				D265D6E02859232700ED9AB3 /* ServiceCell.swift in Sources */,
				D265D701285924DB00ED9AB3 /* UserView.swift in Sources */,
				D265D6FF285924CA00ED9AB3 /* MenuView.swift in Sources */,
				D265D6F0285923CC00ED9AB3 /* People.swift in Sources */,
				D265D6FB2859244500ED9AB3 /* MenuViewController.swift in Sources */,
				D265D7062859251B00ED9AB3 /* HomePresenter.swift in Sources */,
				D265D7042859250800ED9AB3 /* HomeViewController.swift in Sources */,
				D265D6EC2859239F00ED9AB3 /* MenuModel.swift in Sources */,
				D265D7112859258000ED9AB3 /* LocalDataFetcher.swift in Sources */,
				D265D6E52859235900ED9AB3 /* PeopleCell.swift in Sources */,
				D265D7082859253000ED9AB3 /* HomeConfigurator.swift in Sources */,
				D265D6C92859224C00ED9AB3 /* AppDelegate.swift in Sources */,
				D265D6CB2859224C00ED9AB3 /* SceneDelegate.swift in Sources */,
			);
			runOnlyForDeploymentPostprocessing = 0;
		};
/* End PBXSourcesBuildPhase section */

/* Begin PBXVariantGroup section */
		D265D6D32859224D00ED9AB3 /* LaunchScreen.storyboard */ = {
			isa = PBXVariantGroup;
			children = (
				D265D6D42859224D00ED9AB3 /* Base */,
			);
			name = LaunchScreen.storyboard;
			sourceTree = "<group>";
		};
/* End PBXVariantGroup section */

/* Begin XCBuildConfiguration section */
		D265D6D72859224D00ED9AB3 /* Debug */ = {
			isa = XCBuildConfiguration;
			buildSettings = {
				ALWAYS_SEARCH_USER_PATHS = NO;
				CLANG_ANALYZER_NONNULL = YES;
				CLANG_ANALYZER_NUMBER_OBJECT_CONVERSION = YES_AGGRESSIVE;
				CLANG_CXX_LANGUAGE_STANDARD = "gnu++17";
				CLANG_ENABLE_MODULES = YES;
				CLANG_ENABLE_OBJC_ARC = YES;
				CLANG_ENABLE_OBJC_WEAK = YES;
				CLANG_WARN_BLOCK_CAPTURE_AUTORELEASING = YES;
				CLANG_WARN_BOOL_CONVERSION = YES;
				CLANG_WARN_COMMA = YES;
				CLANG_WARN_CONSTANT_CONVERSION = YES;
				CLANG_WARN_DEPRECATED_OBJC_IMPLEMENTATIONS = YES;
				CLANG_WARN_DIRECT_OBJC_ISA_USAGE = YES_ERROR;
				CLANG_WARN_DOCUMENTATION_COMMENTS = YES;
				CLANG_WARN_EMPTY_BODY = YES;
				CLANG_WARN_ENUM_CONVERSION = YES;
				CLANG_WARN_INFINITE_RECURSION = YES;
				CLANG_WARN_INT_CONVERSION = YES;
				CLANG_WARN_NON_LITERAL_NULL_CONVERSION = YES;
				CLANG_WARN_OBJC_IMPLICIT_RETAIN_SELF = YES;
				CLANG_WARN_OBJC_LITERAL_CONVERSION = YES;
				CLANG_WARN_OBJC_ROOT_CLASS = YES_ERROR;
				CLANG_WARN_QUOTED_INCLUDE_IN_FRAMEWORK_HEADER = YES;
				CLANG_WARN_RANGE_LOOP_ANALYSIS = YES;
				CLANG_WARN_STRICT_PROTOTYPES = YES;
				CLANG_WARN_SUSPICIOUS_MOVE = YES;
				CLANG_WARN_UNGUARDED_AVAILABILITY = YES_AGGRESSIVE;
				CLANG_WARN_UNREACHABLE_CODE = YES;
				CLANG_WARN__DUPLICATE_METHOD_MATCH = YES;
				COPY_PHASE_STRIP = NO;
				DEBUG_INFORMATION_FORMAT = dwarf;
				ENABLE_STRICT_OBJC_MSGSEND = YES;
				ENABLE_TESTABILITY = YES;
				GCC_C_LANGUAGE_STANDARD = gnu11;
				GCC_DYNAMIC_NO_PIC = NO;
				GCC_NO_COMMON_BLOCKS = YES;
				GCC_OPTIMIZATION_LEVEL = 0;
				GCC_PREPROCESSOR_DEFINITIONS = (
					"DEBUG=1",
					"$(inherited)",
				);
				GCC_WARN_64_TO_32_BIT_CONVERSION = YES;
				GCC_WARN_ABOUT_RETURN_TYPE = YES_ERROR;
				GCC_WARN_UNDECLARED_SELECTOR = YES;
				GCC_WARN_UNINITIALIZED_AUTOS = YES_AGGRESSIVE;
				GCC_WARN_UNUSED_FUNCTION = YES;
				GCC_WARN_UNUSED_VARIABLE = YES;
				IPHONEOS_DEPLOYMENT_TARGET = 15.5;
				MTL_ENABLE_DEBUG_INFO = INCLUDE_SOURCE;
				MTL_FAST_MATH = YES;
				ONLY_ACTIVE_ARCH = YES;
				SDKROOT = iphoneos;
				SWIFT_ACTIVE_COMPILATION_CONDITIONS = DEBUG;
				SWIFT_OPTIMIZATION_LEVEL = "-Onone";
			};
			name = Debug;
		};
		D265D6D82859224D00ED9AB3 /* Release */ = {
			isa = XCBuildConfiguration;
			buildSettings = {
				ALWAYS_SEARCH_USER_PATHS = NO;
				CLANG_ANALYZER_NONNULL = YES;
				CLANG_ANALYZER_NUMBER_OBJECT_CONVERSION = YES_AGGRESSIVE;
				CLANG_CXX_LANGUAGE_STANDARD = "gnu++17";
				CLANG_ENABLE_MODULES = YES;
				CLANG_ENABLE_OBJC_ARC = YES;
				CLANG_ENABLE_OBJC_WEAK = YES;
				CLANG_WARN_BLOCK_CAPTURE_AUTORELEASING = YES;
				CLANG_WARN_BOOL_CONVERSION = YES;
				CLANG_WARN_COMMA = YES;
				CLANG_WARN_CONSTANT_CONVERSION = YES;
				CLANG_WARN_DEPRECATED_OBJC_IMPLEMENTATIONS = YES;
				CLANG_WARN_DIRECT_OBJC_ISA_USAGE = YES_ERROR;
				CLANG_WARN_DOCUMENTATION_COMMENTS = YES;
				CLANG_WARN_EMPTY_BODY = YES;
				CLANG_WARN_ENUM_CONVERSION = YES;
				CLANG_WARN_INFINITE_RECURSION = YES;
				CLANG_WARN_INT_CONVERSION = YES;
				CLANG_WARN_NON_LITERAL_NULL_CONVERSION = YES;
				CLANG_WARN_OBJC_IMPLICIT_RETAIN_SELF = YES;
				CLANG_WARN_OBJC_LITERAL_CONVERSION = YES;
				CLANG_WARN_OBJC_ROOT_CLASS = YES_ERROR;
				CLANG_WARN_QUOTED_INCLUDE_IN_FRAMEWORK_HEADER = YES;
				CLANG_WARN_RANGE_LOOP_ANALYSIS = YES;
				CLANG_WARN_STRICT_PROTOTYPES = YES;
				CLANG_WARN_SUSPICIOUS_MOVE = YES;
				CLANG_WARN_UNGUARDED_AVAILABILITY = YES_AGGRESSIVE;
				CLANG_WARN_UNREACHABLE_CODE = YES;
				CLANG_WARN__DUPLICATE_METHOD_MATCH = YES;
				COPY_PHASE_STRIP = NO;
				DEBUG_INFORMATION_FORMAT = "dwarf-with-dsym";
				ENABLE_NS_ASSERTIONS = NO;
				ENABLE_STRICT_OBJC_MSGSEND = YES;
				GCC_C_LANGUAGE_STANDARD = gnu11;
				GCC_NO_COMMON_BLOCKS = YES;
				GCC_WARN_64_TO_32_BIT_CONVERSION = YES;
				GCC_WARN_ABOUT_RETURN_TYPE = YES_ERROR;
				GCC_WARN_UNDECLARED_SELECTOR = YES;
				GCC_WARN_UNINITIALIZED_AUTOS = YES_AGGRESSIVE;
				GCC_WARN_UNUSED_FUNCTION = YES;
				GCC_WARN_UNUSED_VARIABLE = YES;
				IPHONEOS_DEPLOYMENT_TARGET = 15.5;
				MTL_ENABLE_DEBUG_INFO = NO;
				MTL_FAST_MATH = YES;
				SDKROOT = iphoneos;
				SWIFT_COMPILATION_MODE = wholemodule;
				SWIFT_OPTIMIZATION_LEVEL = "-O";
				VALIDATE_PRODUCT = YES;
			};
			name = Release;
		};
		D265D6DA2859224D00ED9AB3 /* Debug */ = {
			isa = XCBuildConfiguration;
			buildSettings = {
				ASSETCATALOG_COMPILER_APPICON_NAME = AppIcon;
				ASSETCATALOG_COMPILER_GLOBAL_ACCENT_COLOR_NAME = AccentColor;
				CODE_SIGN_STYLE = Automatic;
				CURRENT_PROJECT_VERSION = 1;
				DEVELOPMENT_TEAM = UJ8B9FFXUA;
				GENERATE_INFOPLIST_FILE = YES;
				INFOPLIST_FILE = eWalle/Info.plist;
				INFOPLIST_KEY_UIApplicationSupportsIndirectInputEvents = YES;
				INFOPLIST_KEY_UILaunchStoryboardName = LaunchScreen;
				INFOPLIST_KEY_UIMainStoryboardFile = Main;
				INFOPLIST_KEY_UISupportedInterfaceOrientations_iPad = "UIInterfaceOrientationPortrait UIInterfaceOrientationPortraitUpsideDown UIInterfaceOrientationLandscapeLeft UIInterfaceOrientationLandscapeRight";
				INFOPLIST_KEY_UISupportedInterfaceOrientations_iPhone = "UIInterfaceOrientationPortrait UIInterfaceOrientationLandscapeLeft UIInterfaceOrientationLandscapeRight";
				LD_RUNPATH_SEARCH_PATHS = (
					"$(inherited)",
					"@executable_path/Frameworks",
				);
				MARKETING_VERSION = 1.0;
				PRODUCT_BUNDLE_IDENTIFIER = kiko.eWalle;
				PRODUCT_NAME = "$(TARGET_NAME)";
				SWIFT_EMIT_LOC_STRINGS = YES;
				SWIFT_VERSION = 5.0;
				TARGETED_DEVICE_FAMILY = "1,2";
			};
			name = Debug;
		};
		D265D6DB2859224D00ED9AB3 /* Release */ = {
			isa = XCBuildConfiguration;
			buildSettings = {
				ASSETCATALOG_COMPILER_APPICON_NAME = AppIcon;
				ASSETCATALOG_COMPILER_GLOBAL_ACCENT_COLOR_NAME = AccentColor;
				CODE_SIGN_STYLE = Automatic;
				CURRENT_PROJECT_VERSION = 1;
				DEVELOPMENT_TEAM = UJ8B9FFXUA;
				GENERATE_INFOPLIST_FILE = YES;
				INFOPLIST_FILE = eWalle/Info.plist;
				INFOPLIST_KEY_UIApplicationSupportsIndirectInputEvents = YES;
				INFOPLIST_KEY_UILaunchStoryboardName = LaunchScreen;
				INFOPLIST_KEY_UIMainStoryboardFile = Main;
				INFOPLIST_KEY_UISupportedInterfaceOrientations_iPad = "UIInterfaceOrientationPortrait UIInterfaceOrientationPortraitUpsideDown UIInterfaceOrientationLandscapeLeft UIInterfaceOrientationLandscapeRight";
				INFOPLIST_KEY_UISupportedInterfaceOrientations_iPhone = "UIInterfaceOrientationPortrait UIInterfaceOrientationLandscapeLeft UIInterfaceOrientationLandscapeRight";
				LD_RUNPATH_SEARCH_PATHS = (
					"$(inherited)",
					"@executable_path/Frameworks",
				);
				MARKETING_VERSION = 1.0;
				PRODUCT_BUNDLE_IDENTIFIER = kiko.eWalle;
				PRODUCT_NAME = "$(TARGET_NAME)";
				SWIFT_EMIT_LOC_STRINGS = YES;
				SWIFT_VERSION = 5.0;
				TARGETED_DEVICE_FAMILY = "1,2";
			};
			name = Release;
		};
/* End XCBuildConfiguration section */

/* Begin XCConfigurationList section */
		D265D6C02859224C00ED9AB3 /* Build configuration list for PBXProject "eWalle" */ = {
			isa = XCConfigurationList;
			buildConfigurations = (
				D265D6D72859224D00ED9AB3 /* Debug */,
				D265D6D82859224D00ED9AB3 /* Release */,
			);
			defaultConfigurationIsVisible = 0;
			defaultConfigurationName = Release;
		};
		D265D6D92859224D00ED9AB3 /* Build configuration list for PBXNativeTarget "eWalle" */ = {
			isa = XCConfigurationList;
			buildConfigurations = (
				D265D6DA2859224D00ED9AB3 /* Debug */,
				D265D6DB2859224D00ED9AB3 /* Release */,
			);
			defaultConfigurationIsVisible = 0;
			defaultConfigurationName = Release;
		};
/* End XCConfigurationList section */
	};
	rootObject = D265D6BD2859224C00ED9AB3 /* Project object */;
}
